{
    "requires": true,
    "lockfileVersion": 1,
    "dependencies": {
        "codemirror": {
            "version": "5.53.2",
            "resolved": "https://registry.npmjs.org/codemirror/-/codemirror-5.53.2.tgz",
            "integrity": "sha512-wvSQKS4E+P8Fxn/AQ+tQtJnF1qH5UOlxtugFLpubEZ5jcdH2iXTVinb+Xc/4QjshuOxRm4fUsU2QPF1JJKiyXA=="
        },
        "core-js": {
            "version": "3.6.5",
            "resolved": "https://registry.npmjs.org/core-js/-/core-js-3.6.5.tgz",
            "integrity": "sha512-vZVEEwZoIsI+vPEuoF9Iqf5H7/M3eeQqWlQnYa8FSKKePuYTf5MWnxb5SDAzCa60b3JBRS5g9b+Dq7b1y/RCrA=="
        },
        "cropperjs": {
            "version": "1.5.6",
            "resolved": "https://registry.npmjs.org/cropperjs/-/cropperjs-1.5.6.tgz",
            "integrity": "sha512-eAgWf4j7sNJIG329qUHIFi17PSV0VtuWyAu9glZSgu/KlQSrfTQOC2zAz+jHGa5fAB+bJldEnQwvJEaJ8zRf5A=="
        },
        "custom-event-polyfill": {
            "version": "1.0.7",
            "resolved": "https://registry.npmjs.org/custom-event-polyfill/-/custom-event-polyfill-1.0.7.tgz",
            "integrity": "sha512-TDDkd5DkaZxZFM8p+1I3yAlvM3rSr1wbrOliG4yJiwinMZN8z/iGL7BTlDkrJcYTmgUSb4ywVCc3ZaUtOtC76w=="
        },
        "debug": {
            "version": "3.1.0",
            "resolved": "https://registry.npmjs.org/debug/-/debug-3.1.0.tgz",
            "integrity": "sha512-OX8XqP7/1a9cqkxYw2yXss15f26NKWBpDXQd0/uK/KPqdQhxbPa994hnzjcE2VqQpDslf55723cKPUOGSmMY3g==",
            "requires": {
                "ms": "2.0.0"
            }
        },
        "diff-match-patch": {
            "version": "1.0.4",
            "resolved": "https://registry.npmjs.org/diff-match-patch/-/diff-match-patch-1.0.4.tgz",
            "integrity": "sha512-Uv3SW8bmH9nAtHKaKSanOQmj2DnlH65fUpcrMdfdaOxUG02QQ4YGZ8AE7kKOMisF7UqvOlGKVYWRvezdncW9lg=="
        },
        "follow-redirects": {
            "version": "1.5.10",
            "resolved": "https://registry.npmjs.org/follow-redirects/-/follow-redirects-1.5.10.tgz",
            "integrity": "sha512-0V5l4Cizzvqt5D44aTXbFZz+FtyXV1vrDN6qrelxtfYQKW0KO0W2T/hkE8xvGa/540LkZlkaUjO4ailYTFtHVQ==",
            "requires": {
                "debug": "=3.1.0"
            }
        },
        "is-buffer": {
            "version": "2.0.4",
            "resolved": "https://registry.npmjs.org/is-buffer/-/is-buffer-2.0.4.tgz",
            "integrity": "sha512-Kq1rokWXOPXWuaMAqZiJW4XxsmD9zGx9q4aePabbn3qCRGedtH7Cm+zV8WETitMfu1wdh+Rvd6w5egwSngUX2A=="
        },
        "laravel-file-manager": {
            "version": "2.4.14",
            "resolved": "https://registry.npmjs.org/laravel-file-manager/-/laravel-file-manager-2.4.14.tgz",
            "integrity": "sha512-GY0Fd6hOjrrTAWopBY1BMRCWhqc4UqT2eu6tm5IaYKkuw9cTd53U2a/DiDbBcSx5ip294rABpsc6Hw/xQHQsBQ==",
            "requires": {
                "axios": "^0.18.0",
                "codemirror": "^5.41.0",
                "cropperjs": "^1.4.3",
                "plyr": "^3.4.7",
                "vue": "^2.5.17",
                "vue-codemirror": "^4.0.5",
                "vuex": "^3.0.1"
            },
            "dependencies": {
                "axios": {
                    "version": "0.18.1",
                    "resolved": "https://registry.npmjs.org/axios/-/axios-0.18.1.tgz",
                    "integrity": "sha512-0BfJq4NSfQXd+SkFdrvFbG7addhYSBA2mQwISr46pD6E5iqkWg02RAs8vyTT/j0RTnoYmeXauBuSv1qKwR179g==",
                    "requires": {
                        "follow-redirects": "1.5.10",
                        "is-buffer": "^2.0.2"
                    }
                }
            }
        },
        "loadjs": {
            "version": "4.2.0",
            "resolved": "https://registry.npmjs.org/loadjs/-/loadjs-4.2.0.tgz",
            "integrity": "sha512-AgQGZisAlTPbTEzrHPb6q+NYBMD+DP9uvGSIjSUM5uG+0jG15cb8axWpxuOIqrmQjn6scaaH8JwloiP27b2KXA=="
        },
        "ms": {
            "version": "2.0.0",
            "resolved": "https://registry.npmjs.org/ms/-/ms-2.0.0.tgz",
            "integrity": "sha1-VgiurfwAvmwpAd9fmGF4jeDVl8g="
        },
        "plyr": {
            "version": "3.5.10",
            "resolved": "https://registry.npmjs.org/plyr/-/plyr-3.5.10.tgz",
            "integrity": "sha512-wbbSuzk3yKVOmYWQUnxG1bxikqZNkxZmL3OjS1DFVU0D2Uko1evGY72LuD9rm/HnNCNzcTuc0c6MCn7bRRpUTA==",
            "requires": {
                "core-js": "^3.6.4",
                "custom-event-polyfill": "^1.0.7",
                "loadjs": "^4.2.0",
                "rangetouch": "^2.0.0",
                "url-polyfill": "^1.1.8"
            }
        },
        "rangetouch": {
            "version": "2.0.1",
            "resolved": "https://registry.npmjs.org/rangetouch/-/rangetouch-2.0.1.tgz",
            "integrity": "sha512-sln+pNSc8NGaHoLzwNBssFSf/rSYkqeBXzX1AtJlkJiUaVSJSbRAWJk+4omsXkN+EJalzkZhWQ3th1m0FpR5xA=="
        },
        "url-polyfill": {
            "version": "1.1.8",
            "resolved": "https://registry.npmjs.org/url-polyfill/-/url-polyfill-1.1.8.tgz",
            "integrity": "sha512-Ey61F4FEqhcu1vHSOMmjl0Vd/RPRLEjMj402qszD/dhMBrVfoUsnIj8KSZo2yj+eIlxJGKFdnm6ES+7UzMgZ3Q=="
        },
        "vue": {
            "version": "2.6.11",
            "resolved": "https://registry.npmjs.org/vue/-/vue-2.6.11.tgz",
            "integrity": "sha512-VfPwgcGABbGAue9+sfrD4PuwFar7gPb1yl1UK1MwXoQPAw0BKSqWfoYCT/ThFrdEVWoI51dBuyCoiNU9bZDZxQ=="
        },
        "vue-codemirror": {
            "version": "4.0.6",
            "resolved": "https://registry.npmjs.org/vue-codemirror/-/vue-codemirror-4.0.6.tgz",
            "integrity": "sha512-ilU7Uf0mqBNSSV3KT7FNEeRIxH4s1fmpG4TfHlzvXn0QiQAbkXS9lLfwuZpaBVEnpP5CSE62iGJjoliTuA8poQ==",
            "requires": {
                "codemirror": "^5.41.0",
                "diff-match-patch": "^1.0.0"
            }
        },
        "vuex": {
            "version": "3.3.0",
            "resolved": "https://registry.npmjs.org/vuex/-/vuex-3.3.0.tgz",
            "integrity": "sha512-1MfcBt+YFd20DPwKe0ThhYm1UEXZya4gVKUvCy7AtS11YAOUR+9a6u4fsv1Rr6ePZCDNxW/M1zuIaswp6nNv8Q=="
        }
    }
}
